
Microsoft Visual Studio Solution File, Format Version 12.00
# Visual Studio Version 17
VisualStudioVersion = 17.0.32002.185
MinimumVisualStudioVersion = 10.0.40219.1
Project("{FAE04EC0-301F-11D3-BF4B-00C04F79EFBC}") = "SimpleMVVMDemo", "SimpleMVVMDemo\SimpleMVVMDemo.csproj", "{606B69EB-4E7D-4AA9-8DDE-5CE7EA0790FA}"
EndProject
Project("{9A19103F-16F7-4668-BE54-9A1E7A4F7556}") = "SimpleMVVM", "..\im-moo\MvvmLightCore\SimpleMVVM\SimpleMVVM.csproj", "{17CEF9AC-B8FF-4C33-A30A-DDF74B5132CB}"
EndProject
Global
	GlobalSection(SolutionConfigurationPlatforms) = preSolution
		Debug|Any CPU = Debug|Any CPU
		Release|Any CPU = Release|Any CPU
	EndGlobalSection
	GlobalSection(ProjectConfigurationPlatforms) = postSolution
		{606B69EB-4E7D-4AA9-8DDE-5CE7EA0790FA}.Debug|Any CPU.ActiveCfg = Debug|Any CPU
		{606B69EB-4E7D-4AA9-8DDE-5CE7EA0790FA}.Debug|Any CPU.Build.0 = Debug|Any CPU
		{606B69EB-4E7D-4AA9-8DDE-5CE7EA0790FA}.Release|Any CPU.ActiveCfg = Release|Any CPU
		{606B69EB-4E7D-4AA9-8DDE-5CE7EA0790FA}.Release|Any CPU.Build.0 = Release|Any CPU
		{17CEF9AC-B8FF-4C33-A30A-DDF74B5132CB}.Debug|Any CPU.ActiveCfg = Debug|Any CPU
		{17CEF9AC-B8FF-4C33-A30A-DDF74B5132CB}.Debug|Any CPU.Build.0 = Debug|Any CPU
		{17CEF9AC-B8FF-4C33-A30A-DDF74B5132CB}.Release|Any CPU.ActiveCfg = Release|Any CPU
		{17CEF9AC-B8FF-4C33-A30A-DDF74B5132CB}.Release|Any CPU.Build.0 = Release|Any CPU
	EndGlobalSection
	GlobalSection(SolutionProperties) = preSolution
		HideSolutionNode = FALSE
	EndGlobalSection
	GlobalSection(ExtensibilityGlobals) = postSolution
		SolutionGuid = {65B1F4DF-9B0C-48B2-8DBB-B1869F8EDC5C}
	EndGlobalSection
EndGlobal
